
Microsoft Visual Studio Solution File, Format Version 12.00
# Visual Studio 15
VisualStudioVersion = 15.0.28307.106
MinimumVisualStudioVersion = 10.0.40219.1
Project("{FAE04EC0-301F-11D3-BF4B-00C04F79EFBC}") = "ConsoleApp36", "ConsoleApp36\ConsoleApp36.csproj", "{93D97B88-13CC-4229-8AEC-634B667CFF2B}"
EndProject
Global
	GlobalSection(SolutionConfigurationPlatforms) = preSolution
		Debug|Any CPU = Debug|Any CPU
		Release|Any CPU = Release|Any CPU
	EndGlobalSection
	GlobalSection(ProjectConfigurationPlatforms) = postSolution
		{93D97B88-13CC-4229-8AEC-634B667CFF2B}.Debug|Any CPU.ActiveCfg = Debug|Any CPU
		{93D97B88-13CC-4229-8AEC-634B667CFF2B}.Debug|Any CPU.Build.0 = Debug|Any CPU
		{93D97B88-13CC-4229-8AEC-634B667CFF2B}.Release|Any CPU.ActiveCfg = Release|Any CPU
		{93D97B88-13CC-4229-8AEC-634B667CFF2B}.Release|Any CPU.Build.0 = Release|Any CPU
	EndGlobalSection
	GlobalSection(SolutionProperties) = preSolution
		HideSolutionNode = FALSE
	EndGlobalSection
	GlobalSection(ExtensibilityGlobals) = postSolution
		SolutionGuid = {E3759772-5B3E-40EC-93D4-F140AA0A9C60}
	EndGlobalSection
EndGlobal
