
Microsoft Visual Studio Solution File, Format Version 12.00
# Visual Studio 15
VisualStudioVersion = 15.0.28307.106
MinimumVisualStudioVersion = 10.0.40219.1
Project("{FAE04EC0-301F-11D3-BF4B-00C04F79EFBC}") = "ConsoleApp37", "ConsoleApp37\ConsoleApp37.csproj", "{87469DFF-DB9C-48BB-A507-B68EAF3ADC05}"
EndProject
Global
	GlobalSection(SolutionConfigurationPlatforms) = preSolution
		Debug|Any CPU = Debug|Any CPU
		Release|Any CPU = Release|Any CPU
	EndGlobalSection
	GlobalSection(ProjectConfigurationPlatforms) = postSolution
		{87469DFF-DB9C-48BB-A507-B68EAF3ADC05}.Debug|Any CPU.ActiveCfg = Debug|Any CPU
		{87469DFF-DB9C-48BB-A507-B68EAF3ADC05}.Debug|Any CPU.Build.0 = Debug|Any CPU
		{87469DFF-DB9C-48BB-A507-B68EAF3ADC05}.Release|Any CPU.ActiveCfg = Release|Any CPU
		{87469DFF-DB9C-48BB-A507-B68EAF3ADC05}.Release|Any CPU.Build.0 = Release|Any CPU
	EndGlobalSection
	GlobalSection(SolutionProperties) = preSolution
		HideSolutionNode = FALSE
	EndGlobalSection
	GlobalSection(ExtensibilityGlobals) = postSolution
		SolutionGuid = {52D78B6F-C7E7-4110-AFAF-8E818CA31E5E}
	EndGlobalSection
EndGlobal
